// !$*UTF8*$!
{
	archiveVersion = 1;
	classes = {
	};
	objectVersion = 46;
	objects = {

/* Begin PBXBuildFile section */
		A833628F1E2F07A2004D0BD1 /* AppDelegate.swift in Sources */ = {isa = PBXBuildFile; fileRef = A833628E1E2F07A2004D0BD1 /* AppDelegate.swift */; };
		A83362911E2F07A2004D0BD1 /* ViewController.swift in Sources */ = {isa = PBXBuildFile; fileRef = A83362901E2F07A2004D0BD1 /* ViewController.swift */; };
		A83362941E2F07A2004D0BD1 /* Main.storyboard in Resources */ = {isa = PBXBuildFile; fileRef = A83362921E2F07A2004D0BD1 /* Main.storyboard */; };
		A83362961E2F07A2004D0BD1 /* Assets.xcassets in Resources */ = {isa = PBXBuildFile; fileRef = A83362951E2F07A2004D0BD1 /* Assets.xcassets */; };
		A83362991E2F07A2004D0BD1 /* LaunchScreen.storyboard in Resources */ = {isa = PBXBuildFile; fileRef = A83362971E2F07A2004D0BD1 /* LaunchScreen.storyboard */; };
		A83362A11E2F129B004D0BD1 /* CIImageView.swift in Sources */ = {isa = PBXBuildFile; fileRef = A83362A01E2F129B004D0BD1 /* CIImageView.swift */; };
/* End PBXBuildFile section */

/* Begin PBXFileReference section */
		A833628B1E2F07A2004D0BD1 /* FilterSample.app */ = {isa = PBXFileReference; explicitFileType = wrapper.application; includeInIndex = 0; path = FilterSample.app; sourceTree = BUILT_PRODUCTS_DIR; };
		A833628E1E2F07A2004D0BD1 /* AppDelegate.swift */ = {isa = PBXFileReference; lastKnownFileType = sourcecode.swift; path = AppDelegate.swift; sourceTree = "<group>"; };
		A83362901E2F07A2004D0BD1 /* ViewController.swift */ = {isa = PBXFileReference; lastKnownFileType = sourcecode.swift; path = ViewController.swift; sourceTree = "<group>"; };
		A83362931E2F07A2004D0BD1 /* Base */ = {isa = PBXFileReference; lastKnownFileType = file.storyboard; name = Base; path = Base.lproj/Main.storyboard; sourceTree = "<group>"; };
		A83362951E2F07A2004D0BD1 /* Assets.xcassets */ = {isa = PBXFileReference; lastKnownFileType = folder.assetcatalog; path = Assets.xcassets; sourceTree = "<group>"; };
		A83362981E2F07A2004D0BD1 /* Base */ = {isa = PBXFileReference; lastKnownFileType = file.storyboard; name = Base; path = Base.lproj/LaunchScreen.storyboard; sourceTree = "<group>"; };
		A833629A1E2F07A2004D0BD1 /* Info.plist */ = {isa = PBXFileReference; lastKnownFileType = text.plist.xml; path = Info.plist; sourceTree = "<group>"; };
		A83362A01E2F129B004D0BD1 /* CIImageView.swift */ = {isa = PBXFileReference; fileEncoding = 4; lastKnownFileType = sourcecode.swift; path = CIImageView.swift; sourceTree = "<group>"; };
/* End PBXFileReference section */

/* Begin PBXFrameworksBuildPhase section */
		A83362881E2F07A2004D0BD1 /* Frameworks */ = {
			isa = PBXFrameworksBuildPhase;
			buildActionMask = 2147483647;
			files = (
			);
			runOnlyForDeploymentPostprocessing = 0;
		};
/* End PBXFrameworksBuildPhase section */

/* Begin PBXGroup section */
		A83362821E2F07A2004D0BD1 = {
			isa = PBXGroup;
			children = (
				A833628D1E2F07A2004D0BD1 /* FilterSample */,
				A833628C1E2F07A2004D0BD1 /* Products */,
			);
			sourceTree = "<group>";
		};
		A833628C1E2F07A2004D0BD1 /* Products */ = {
			isa = PBXGroup;
			children = (
				A833628B1E2F07A2004D0BD1 /* FilterSample.app */,
			);
			name = Products;
			sourceTree = "<group>";
		};
		A833628D1E2F07A2004D0BD1 /* FilterSample */ = {
			isa = PBXGroup;
			children = (
				A833628E1E2F07A2004D0BD1 /* AppDelegate.swift */,
				A83362901E2F07A2004D0BD1 /* ViewController.swift */,
				A83362921E2F07A2004D0BD1 /* Main.storyboard */,
				A83362951E2F07A2004D0BD1 /* Assets.xcassets */,
				A83362971E2F07A2004D0BD1 /* LaunchScreen.storyboard */,
				A833629A1E2F07A2004D0BD1 /* Info.plist */,
				A83362A01E2F129B004D0BD1 /* CIImageView.swift */,
			);
			path = FilterSample;
			sourceTree = "<group>";
		};
/* End PBXGroup section */

/* Begin PBXNativeTarget section */
		A833628A1E2F07A2004D0BD1 /* FilterSample */ = {
			isa = PBXNativeTarget;
			buildConfigurationList = A833629D1E2F07A2004D0BD1 /* Build configuration list for PBXNativeTarget "FilterSample" */;
			buildPhases = (
				A83362871E2F07A2004D0BD1 /* Sources */,
				A83362881E2F07A2004D0BD1 /* Frameworks */,
				A83362891E2F07A2004D0BD1 /* Resources */,
			);
			buildRules = (
			);
			dependencies = (
			);
			name = FilterSample;
			productName = FilterSample;
			productReference = A833628B1E2F07A2004D0BD1 /* FilterSample.app */;
			productType = "com.apple.product-type.application";
		};
/* End PBXNativeTarget section */

/* Begin PBXProject section */
		A83362831E2F07A2004D0BD1 /* Project object */ = {
			isa = PBXProject;
			attributes = {
				LastSwiftUpdateCheck = 0820;
				LastUpgradeCheck = 0820;
				ORGANIZATIONNAME = "nerius v";
				TargetAttributes = {
					A833628A1E2F07A2004D0BD1 = {
						CreatedOnToolsVersion = 8.2.1;
						ProvisioningStyle = Automatic;
					};
				};
			};
			buildConfigurationList = A83362861E2F07A2004D0BD1 /* Build configuration list for PBXProject "FilterSample" */;
			compatibilityVersion = "Xcode 3.2";
			developmentRegion = English;
			hasScannedForEncodings = 0;
			knownRegions = (
				en,
				Base,
			);
			mainGroup = A83362821E2F07A2004D0BD1;
			productRefGroup = A833628C1E2F07A2004D0BD1 /* Products */;
			projectDirPath = "";
			projectRoot = "";
			targets = (
				A833628A1E2F07A2004D0BD1 /* FilterSample */,
			);
		};
/* End PBXProject section */

/* Begin PBXResourcesBuildPhase section */
		A83362891E2F07A2004D0BD1 /* Resources */ = {
			isa = PBXResourcesBuildPhase;
			buildActionMask = 2147483647;
			files = (
				A83362991E2F07A2004D0BD1 /* LaunchScreen.storyboard in Resources */,
				A83362961E2F07A2004D0BD1 /* Assets.xcassets in Resources */,
				A83362941E2F07A2004D0BD1 /* Main.storyboard in Resources */,
			);
			runOnlyForDeploymentPostprocessing = 0;
		};
/* End PBXResourcesBuildPhase section */

/* Begin PBXSourcesBuildPhase section */
		A83362871E2F07A2004D0BD1 /* Sources */ = {
			isa = PBXSourcesBuildPhase;
			buildActionMask = 2147483647;
			files = (
				A83362A11E2F129B004D0BD1 /* CIImageView.swift in Sources */,
				A83362911E2F07A2004D0BD1 /* ViewController.swift in Sources */,
				A833628F1E2F07A2004D0BD1 /* AppDelegate.swift in Sources */,
			);
			runOnlyForDeploymentPostprocessing = 0;
		};
/* End PBXSourcesBuildPhase section */

/* Begin PBXVariantGroup section */
		A83362921E2F07A2004D0BD1 /* Main.storyboard */ = {
			isa = PBXVariantGroup;
			children = (
				A83362931E2F07A2004D0BD1 /* Base */,
			);
			name = Main.storyboard;
			sourceTree = "<group>";
		};
		A83362971E2F07A2004D0BD1 /* LaunchScreen.storyboard */ = {
			isa = PBXVariantGroup;
			children = (
				A83362981E2F07A2004D0BD1 /* Base */,
			);
			name = LaunchScreen.storyboard;
			sourceTree = "<group>";
		};
/* End PBXVariantGroup section */

/* Begin XCBuildConfiguration section */
		A833629B1E2F07A2004D0BD1 /* Debug */ = {
			isa = XCBuildConfiguration;
			buildSettings = {
				ALWAYS_SEARCH_USER_PATHS = NO;
				CLANG_ANALYZER_NONNULL = YES;
				CLANG_CXX_LANGUAGE_STANDARD = "gnu++0x";
				CLANG_CXX_LIBRARY = "libc++";
				CLANG_ENABLE_MODULES = YES;
				CLANG_ENABLE_OBJC_ARC = YES;
				CLANG_WARN_BOOL_CONVERSION = YES;
				CLANG_WARN_CONSTANT_CONVERSION = YES;
				CLANG_WARN_DIRECT_OBJC_ISA_USAGE = YES_ERROR;
				CLANG_WARN_DOCUMENTATION_COMMENTS = YES;
				CLANG_WARN_EMPTY_BODY = YES;
				CLANG_WARN_ENUM_CONVERSION = YES;
				CLANG_WARN_INFINITE_RECURSION = YES;
				CLANG_WARN_INT_CONVERSION = YES;
				CLANG_WARN_OBJC_ROOT_CLASS = YES_ERROR;
				CLANG_WARN_SUSPICIOUS_MOVE = YES;
				CLANG_WARN_UNREACHABLE_CODE = YES;
				CLANG_WARN__DUPLICATE_METHOD_MATCH = YES;
				"CODE_SIGN_IDENTITY[sdk=iphoneos*]" = "iPhone Developer";
				COPY_PHASE_STRIP = NO;
				DEBUG_INFORMATION_FORMAT = dwarf;
				ENABLE_STRICT_OBJC_MSGSEND = YES;
				ENABLE_TESTABILITY = YES;
				GCC_C_LANGUAGE_STANDARD = gnu99;
				GCC_DYNAMIC_NO_PIC = NO;
				GCC_NO_COMMON_BLOCKS = YES;
				GCC_OPTIMIZATION_LEVEL = 0;
				GCC_PREPROCESSOR_DEFINITIONS = (
					"DEBUG=1",
					"$(inherited)",
				);
				GCC_WARN_64_TO_32_BIT_CONVERSION = YES;
				GCC_WARN_ABOUT_RETURN_TYPE = YES_ERROR;
				GCC_WARN_UNDECLARED_SELECTOR = YES;
				GCC_WARN_UNINITIALIZED_AUTOS = YES_AGGRESSIVE;
				GCC_WARN_UNUSED_FUNCTION = YES;
				GCC_WARN_UNUSED_VARIABLE = YES;
				IPHONEOS_DEPLOYMENT_TARGET = 10.2;
				MTL_ENABLE_DEBUG_INFO = YES;
				ONLY_ACTIVE_ARCH = YES;
				SDKROOT = iphoneos;
				SWIFT_ACTIVE_COMPILATION_CONDITIONS = DEBUG;
				SWIFT_OPTIMIZATION_LEVEL = "-Onone";
				TARGETED_DEVICE_FAMILY = "1,2";
			};
			name = Debug;
		};
		A833629C1E2F07A2004D0BD1 /* Release */ = {
			isa = XCBuildConfiguration;
			buildSettings = {
				ALWAYS_SEARCH_USER_PATHS = NO;
				CLANG_ANALYZER_NONNULL = YES;
				CLANG_CXX_LANGUAGE_STANDARD = "gnu++0x";
				CLANG_CXX_LIBRARY = "libc++";
				CLANG_ENABLE_MODULES = YES;
				CLANG_ENABLE_OBJC_ARC = YES;
				CLANG_WARN_BOOL_CONVERSION = YES;
				CLANG_WARN_CONSTANT_CONVERSION = YES;
				CLANG_WARN_DIRECT_OBJC_ISA_USAGE = YES_ERROR;
				CLANG_WARN_DOCUMENTATION_COMMENTS = YES;
				CLANG_WARN_EMPTY_BODY = YES;
				CLANG_WARN_ENUM_CONVERSION = YES;
				CLANG_WARN_INFINITE_RECURSION = YES;
				CLANG_WARN_INT_CONVERSION = YES;
				CLANG_WARN_OBJC_ROOT_CLASS = YES_ERROR;
				CLANG_WARN_SUSPICIOUS_MOVE = YES;
				CLANG_WARN_UNREACHABLE_CODE = YES;
				CLANG_WARN__DUPLICATE_METHOD_MATCH = YES;
				"CODE_SIGN_IDENTITY[sdk=iphoneos*]" = "iPhone Developer";
				COPY_PHASE_STRIP = NO;
				DEBUG_INFORMATION_FORMAT = "dwarf-with-dsym";
				ENABLE_NS_ASSERTIONS = NO;
				ENABLE_STRICT_OBJC_MSGSEND = YES;
				GCC_C_LANGUAGE_STANDARD = gnu99;
				GCC_NO_COMMON_BLOCKS = YES;
				GCC_WARN_64_TO_32_BIT_CONVERSION = YES;
				GCC_WARN_ABOUT_RETURN_TYPE = YES_ERROR;
				GCC_WARN_UNDECLARED_SELECTOR = YES;
				GCC_WARN_UNINITIALIZED_AUTOS = YES_AGGRESSIVE;
				GCC_WARN_UNUSED_FUNCTION = YES;
				GCC_WARN_UNUSED_VARIABLE = YES;
				IPHONEOS_DEPLOYMENT_TARGET = 10.2;
				MTL_ENABLE_DEBUG_INFO = NO;
				SDKROOT = iphoneos;
				SWIFT_OPTIMIZATION_LEVEL = "-Owholemodule";
				TARGETED_DEVICE_FAMILY = "1,2";
				VALIDATE_PRODUCT = YES;
			};
			name = Release;
		};
		A833629E1E2F07A2004D0BD1 /* Debug */ = {
			isa = XCBuildConfiguration;
			buildSettings = {
				ASSETCATALOG_COMPILER_APPICON_NAME = AppIcon;
				DEVELOPMENT_TEAM = "";
				INFOPLIST_FILE = FilterSample/Info.plist;
				LD_RUNPATH_SEARCH_PATHS = "$(inherited) @executable_path/Frameworks";
				PRODUCT_BUNDLE_IDENTIFIER = com.neriusv.FilterSample;
				PRODUCT_NAME = "$(TARGET_NAME)";
				SWIFT_VERSION = 3.0;
			};
			name = Debug;
		};
		A833629F1E2F07A2004D0BD1 /* Release */ = {
			isa = XCBuildConfiguration;
			buildSettings = {
				ASSETCATALOG_COMPILER_APPICON_NAME = AppIcon;
				DEVELOPMENT_TEAM = "";
				INFOPLIST_FILE = FilterSample/Info.plist;
				LD_RUNPATH_SEARCH_PATHS = "$(inherited) @executable_path/Frameworks";
				PRODUCT_BUNDLE_IDENTIFIER = com.neriusv.FilterSample;
				PRODUCT_NAME = "$(TARGET_NAME)";
				SWIFT_VERSION = 3.0;
			};
			name = Release;
		};
/* End XCBuildConfiguration section */

/* Begin XCConfigurationList section */
		A83362861E2F07A2004D0BD1 /* Build configuration list for PBXProject "FilterSample" */ = {
			isa = XCConfigurationList;
			buildConfigurations = (
				A833629B1E2F07A2004D0BD1 /* Debug */,
				A833629C1E2F07A2004D0BD1 /* Release */,
			);
			defaultConfigurationIsVisible = 0;
			defaultConfigurationName = Release;
		};
		A833629D1E2F07A2004D0BD1 /* Build configuration list for PBXNativeTarget "FilterSample" */ = {
			isa = XCConfigurationList;
			buildConfigurations = (
				A833629E1E2F07A2004D0BD1 /* Debug */,
				A833629F1E2F07A2004D0BD1 /* Release */,
			);
			defaultConfigurationIsVisible = 0;
			defaultConfigurationName = Release;
		};
/* End XCConfigurationList section */
	};
	rootObject = A83362831E2F07A2004D0BD1 /* Project object */;
}
